{
  "version": 4,
  "terraform_version": "0.12.9",
  "serial": 538,
  "lineage": "323865cb-3f1a-ef4b-5f48-d0dbce10301e",
  "outputs": {
    "API-KEY": {
      "value": "LUFRPT02a3hhelRvOW5EZnhyOTVoR3JSenE4bXRGbG89cTZMTGFKbU5wSGFJMjJ5T3ArT1JmN0NXZGVHR05mVnVENnZPTUJQNG1CNm1yTzRna0NmLzhQZVlZTVFRRDFwVQ==",
      "type": "string"
    },
    "SLB-IP-Address": {
      "value": "10.0.6.160",
      "type": "string"
    },
    "VM-Series-MGMTIP": {
      "value": "8.210.110.216",
      "type": "string"
    },
    "VM-Series-MGMTIP-2": {
      "value": "8.210.15.250",
      "type": "string"
    },
    "VM-Series-UNTRUSTIP": {
      "value": "8.210.6.121 *** Please manually attach this IP to Untrust ENI. *** \n\n",
      "type": "string"
    }
  },
  "resources": [
    {
      "module": "module.fw_deployment",
      "mode": "data",
      "type": "alicloud_eips",
      "name": "all_eips",
      "provider": "module.fw_deployment.provider.alicloud.provider",
      "instances": [
        {
          "schema_version": 0,
          "attributes": {
            "eips": [
              {
                "bandwidth": "1",
                "creation_time": "2020-09-11T14:21:41Z",
                "id": "eip-j6c9rjt817hcr36eais6s",
                "instance_id": "",
                "instance_type": "",
                "internet_charge_type": "PayByTraffic",
                "ip_address": "8.210.6.121",
                "status": "Available"
              },
              {
                "bandwidth": "1",
                "creation_time": "2020-09-11T14:20:42Z",
                "id": "eip-j6cxqybwxlnzoddxlejxe",
                "instance_id": "i-j6cguvqeqlm5qw2mube4",
                "instance_type": "EcsInstance",
                "internet_charge_type": "PayByTraffic",
                "ip_address": "8.210.15.250",
                "status": "InUse"
              },
              {
                "bandwidth": "1",
                "creation_time": "2020-09-11T14:20:42Z",
                "id": "eip-j6cgyoxx5wwgpqskfie1s",
                "instance_id": "i-j6ci9kw6389z97i5s6k7",
                "instance_type": "EcsInstance",
                "internet_charge_type": "PayByTraffic",
                "ip_address": "8.210.110.216",
                "status": "InUse"
              },
              {
                "bandwidth": "1",
                "creation_time": "2020-09-07T08:19:59Z",
                "id": "eip-j6c46c0q85712qzgd0pkg",
                "instance_id": "eni-j6caoyia7svouq3h4dgp",
                "instance_type": "NetworkInterface",
                "internet_charge_type": "PayByTraffic",
                "ip_address": "47.242.37.93",
                "status": "InUse"
              },
              {
                "bandwidth": "1",
                "creation_time": "2020-09-07T08:07:18Z",
                "id": "eip-j6ct0z5xxbt6hsnm7pnu1",
                "instance_id": "i-j6cjd0fupei17569j63i",
                "instance_type": "EcsInstance",
                "internet_charge_type": "PayByTraffic",
                "ip_address": "8.210.129.233",
                "status": "InUse"
              },
              {
                "bandwidth": "1",
                "creation_time": "2020-09-07T08:07:18Z",
                "id": "eip-j6cc1irggtvctyyqpe9dy",
                "instance_id": "i-j6cg016prgco31gl243t",
                "instance_type": "EcsInstance",
                "internet_charge_type": "PayByTraffic",
                "ip_address": "47.242.11.29",
                "status": "InUse"
              },
              {
                "bandwidth": "100",
                "creation_time": "2020-07-09T05:12:47Z",
                "id": "eip-j6cubjjpmyljnr1s214jt",
                "instance_id": "ngw-j6clr16fsle3nv415hhn4",
                "instance_type": "Nat",
                "internet_charge_type": "PayByTraffic",
                "ip_address": "8.210.196.233",
                "status": "InUse"
              },
              {
                "bandwidth": "200",
                "creation_time": "2018-12-15T00:59:48Z",
                "id": "eip-j6c7cah7m6nhmjlwljtu3",
                "instance_id": "",
                "instance_type": "",
                "internet_charge_type": "PayByTraffic",
                "ip_address": "47.244.48.231",
                "status": "Available"
              }
            ],
            "id": "4163068243",
            "ids": [
              "eip-j6c9rjt817hcr36eais6s",
              "eip-j6cxqybwxlnzoddxlejxe",
              "eip-j6cgyoxx5wwgpqskfie1s",
              "eip-j6c46c0q85712qzgd0pkg",
              "eip-j6ct0z5xxbt6hsnm7pnu1",
              "eip-j6cc1irggtvctyyqpe9dy",
              "eip-j6cubjjpmyljnr1s214jt",
              "eip-j6c7cah7m6nhmjlwljtu3"
            ],
            "in_use": null,
            "ip_addresses": null,
            "names": [
              "UNTRUST-EIP",
              "MGMT-EIP-2",
              "MGMT-EIP",
              "hk-UNTRUST-EIP",
              "hk-MGMT-EIP",
              "hk-MGMT-EIP-2",
              "",
              "warby-fw1-e1-1"
            ],
            "output_file": null,
            "resource_group_id": null,
            "tags": null
          },
          "depends_on": [
            "alicloud_eip_association.Mgmt-EIP-Association",
            "alicloud_eip_association.Mgmt-EIP-Association-2"
          ]
        }
      ]
    },
    {
      "module": "module.fw_deployment",
      "mode": "data",
      "type": "alicloud_eips",
      "name": "untrust_eip",
      "provider": "module.fw_deployment.provider.alicloud.provider",
      "instances": [
        {
          "schema_version": 0,
          "attributes": {
            "eips": [
              {
                "bandwidth": "1",
                "creation_time": "2020-09-11T14:20:42Z",
                "id": "eip-j6cgyoxx5wwgpqskfie1s",
                "instance_id": "i-j6ci9kw6389z97i5s6k7",
                "instance_type": "EcsInstance",
                "internet_charge_type": "PayByTraffic",
                "ip_address": "8.210.110.216",
                "status": "InUse"
              }
            ],
            "id": "1941471905",
            "ids": [
              "eip-j6cgyoxx5wwgpqskfie1s"
            ],
            "in_use": null,
            "ip_addresses": null,
            "names": [
              "MGMT-EIP"
            ],
            "output_file": null,
            "resource_group_id": null,
            "tags": null
          }
        }
      ]
    },
    {
      "module": "module.fw_deployment",
      "mode": "data",
      "type": "alicloud_eips",
      "name": "untrust_eip-2",
      "provider": "module.fw_deployment.provider.alicloud.provider",
      "instances": [
        {
          "schema_version": 0,
          "attributes": {
            "eips": [
              {
                "bandwidth": "1",
                "creation_time": "2020-09-11T14:20:42Z",
                "id": "eip-j6cxqybwxlnzoddxlejxe",
                "instance_id": "i-j6cguvqeqlm5qw2mube4",
                "instance_type": "EcsInstance",
                "internet_charge_type": "PayByTraffic",
                "ip_address": "8.210.15.250",
                "status": "InUse"
              }
            ],
            "id": "3698497234",
            "ids": [
              "eip-j6cxqybwxlnzoddxlejxe"
            ],
            "in_use": null,
            "ip_addresses": null,
            "names": [
              "MGMT-EIP-2"
            ],
            "output_file": null,
            "resource_group_id": null,
            "tags": null
          }
        }
      ]
    },
    {
      "module": "module.slb",
      "mode": "data",
      "type": "alicloud_slbs",
      "name": "this",
      "provider": "module.slb.provider.alicloud",
      "instances": [
        {
          "schema_version": 0,
          "attributes": {
            "address": null,
            "id": "3835487760",
            "ids": [
              "lb-3nsfwex5m6u79o8tbo0tt"
            ],
            "master_availability_zone": null,
            "name_regex": null,
            "names": [
              "internal-slb-ftk"
            ],
            "network_type": null,
            "output_file": null,
            "resource_group_id": null,
            "slave_availability_zone": null,
            "slbs": [
              {
                "address": "10.0.6.160",
                "creation_time": "2020-09-11T22:20Z",
                "id": "lb-3nsfwex5m6u79o8tbo0tt",
                "internet": false,
                "master_availability_zone": "cn-hongkong-b",
                "name": "internal-slb-ftk",
                "network_type": "vpc",
                "region_id": "cn-hongkong",
                "slave_availability_zone": "cn-hongkong-c",
                "status": "active",
                "tags": {},
                "vpc_id": "vpc-j6ckfjzicd1oqqnjoqfi1",
                "vswitch_id": "vsw-j6cgb5c493t3thpcvf3ak"
              }
            ],
            "tags": null,
            "vpc_id": null,
            "vswitch_id": null
          }
        }
      ]
    },
    {
      "mode": "data",
      "type": "alicloud_zones",
      "name": "zone",
      "provider": "provider.alicloud.provider",
      "instances": [
        {
          "schema_version": 0,
          "attributes": {
            "available_disk_category": "cloud_efficiency",
            "available_instance_type": "ecs.sn2ne.xlarge",
            "available_resource_creation": null,
            "available_slb_address_ip_version": null,
            "available_slb_address_type": null,
            "enable_details": false,
            "id": "3549272710",
            "ids": [
              "cn-hongkong-b",
              "cn-hongkong-c"
            ],
            "instance_charge_type": "PostPaid",
            "multi": false,
            "network_type": null,
            "output_file": null,
            "spot_strategy": "NoSpot",
            "zones": [
              {
                "available_disk_categories": [],
                "available_instance_types": [],
                "available_resource_creation": [],
                "id": "cn-hongkong-b",
                "local_name": "",
                "multi_zone_ids": [],
                "slb_slave_zone_ids": []
              },
              {
                "available_disk_categories": [],
                "available_instance_types": [],
                "available_resource_creation": [],
                "id": "cn-hongkong-c",
                "local_name": "",
                "multi_zone_ids": [],
                "slb_slave_zone_ids": []
              }
            ]
          }
        }
      ]
    },
    {
      "mode": "data",
      "type": "external",
      "name": "apikey",
      "provider": "provider.external",
      "instances": [
        {
          "schema_version": 0,
          "attributes": {
            "id": "-",
            "program": [
              "sh",
              "./script/get_fw_key.sh"
            ],
            "query": {
              "eip": "8.210.110.216",
              "password": "Paloalto123",
              "username": "admin"
            },
            "result": {
              "api_key": "LUFRPT02a3hhelRvOW5EZnhyOTVoR3JSenE4bXRGbG89cTZMTGFKbU5wSGFJMjJ5T3ArT1JmN0NXZGVHR05mVnVENnZPTUJQNG1CNm1yTzRna0NmLzhQZVlZTVFRRDFwVQ=="
            },
            "working_dir": null
          },
          "depends_on": [
            "alicloud_eip.MGMT-EIP"
          ]
        }
      ]
    },
    {
      "mode": "managed",
      "type": "alicloud_eip",
      "name": "MGMT-EIP",
      "provider": "provider.alicloud.provider",
      "instances": [
        {
          "schema_version": 0,
          "attributes": {
            "bandwidth": 1,
            "description": "Public IP assigned to NGFW Mgmt",
            "id": "eip-j6cgyoxx5wwgpqskfie1s",
            "instance_charge_type": "PostPaid",
            "internet_charge_type": "PayByTraffic",
            "ip_address": "8.210.110.216",
            "isp": "BGP",
            "name": "MGMT-EIP",
            "period": null,
            "resource_group_id": "rg-acfntxhh7nl4ofi",
            "status": "InUse",
            "tags": {}
          },
          "private": "bnVsbA=="
        }
      ]
    },
    {
      "mode": "managed",
      "type": "alicloud_eip",
      "name": "MGMT-EIP-2",
      "provider": "provider.alicloud.provider",
      "instances": [
        {
          "schema_version": 0,
          "attributes": {
            "bandwidth": 1,
            "description": "Public IP assigned to NGFW Mgmt-backup",
            "id": "eip-j6cxqybwxlnzoddxlejxe",
            "instance_charge_type": "PostPaid",
            "internet_charge_type": "PayByTraffic",
            "ip_address": "8.210.15.250",
            "isp": "BGP",
            "name": "MGMT-EIP-2",
            "period": null,
            "resource_group_id": "rg-acfntxhh7nl4ofi",
            "status": "InUse",
            "tags": {}
          },
          "private": "bnVsbA=="
        }
      ]
    },
    {
      "mode": "managed",
      "type": "alicloud_eip",
      "name": "UNTRUST-EIP",
      "provider": "provider.alicloud.provider",
      "instances": [
        {
          "schema_version": 0,
          "attributes": {
            "bandwidth": 1,
            "description": "Public IP assigned to NGFW Untrust interface",
            "id": "eip-j6c9rjt817hcr36eais6s",
            "instance_charge_type": "PostPaid",
            "internet_charge_type": "PayByTraffic",
            "ip_address": "8.210.6.121",
            "isp": "BGP",
            "name": "UNTRUST-EIP",
            "period": null,
            "resource_group_id": "rg-acfntxhh7nl4ofi",
            "status": "Available",
            "tags": {}
          },
          "private": "bnVsbA==",
          "depends_on": [
            "module.fw_deployment"
          ]
        }
      ]
    },
    {
      "module": "module.fw_deployment",
      "mode": "managed",
      "type": "alicloud_eip_association",
      "name": "Mgmt-EIP-Association",
      "provider": "module.fw_deployment.provider.alicloud.provider",
      "instances": [
        {
          "schema_version": 0,
          "attributes": {
            "allocation_id": "eip-j6cgyoxx5wwgpqskfie1s",
            "id": "eip-j6cgyoxx5wwgpqskfie1s:i-j6ci9kw6389z97i5s6k7",
            "instance_id": "i-j6ci9kw6389z97i5s6k7",
            "instance_type": "EcsInstance",
            "private_ip_address": null
          },
          "private": "bnVsbA==",
          "depends_on": [
            "alicloud_instance.ngfw"
          ]
        }
      ]
    },
    {
      "module": "module.fw_deployment",
      "mode": "managed",
      "type": "alicloud_eip_association",
      "name": "Mgmt-EIP-Association-2",
      "provider": "module.fw_deployment.provider.alicloud.provider",
      "instances": [
        {
          "schema_version": 0,
          "attributes": {
            "allocation_id": "eip-j6cxqybwxlnzoddxlejxe",
            "id": "eip-j6cxqybwxlnzoddxlejxe:i-j6cguvqeqlm5qw2mube4",
            "instance_id": "i-j6cguvqeqlm5qw2mube4",
            "instance_type": "EcsInstance",
            "private_ip_address": null
          },
          "private": "bnVsbA==",
          "depends_on": [
            "alicloud_instance.ngfw-2"
          ]
        }
      ]
    },
    {
      "mode": "managed",
      "type": "alicloud_fc_function",
      "name": "active-standby",
      "provider": "provider.alicloud.provider",
      "instances": [
        {
          "schema_version": 0,
          "attributes": {
            "code_checksum": "14942674650932689812",
            "description": "Palo Alto Active Standby - AliCloud Created by Terraform",
            "environment_variables": {
              "API_KEY": "LUFRPT02a3hhelRvOW5EZnhyOTVoR3JSenE4bXRGbG89cTZMTGFKbU5wSGFJMjJ5T3ArT1JmN0NXZGVHR05mVnVENnZPTUJQNG1CNm1yTzRna0NmLzhQZVlZTVFRRDFwVQ==",
              "BACKUP_ENI": "eni-j6cj3ged7d63qt4dzgvj",
              "EIP": "8.210.6.121",
              "EIP_ID": "eip-j6c9rjt817hcr36eais6s",
              "PRIMARYNGFWMGMT_IP": "8.210.110.216",
              "PRIMARY_ENI": "eni-j6caxiviws7aia9quf5y",
              "PUB_BAK_ENI": "eni-j6cj6xr0ykarvhfrmg2q",
              "PUB_PRI_ENI": "eni-j6c4dhwiyahqi4t1gjog",
              "REGION_ID": "cn-hongkong",
              "ROUTETB_ID": "vtb-j6cu6akqtt0zjcx13bu9n",
              "managedby": "Created with Mason Yan and Daniel Ma"
            },
            "filename": "./func/index.zip",
            "function_id": "714414e5-bb63-45f9-9ba5-d05247b3cf3b",
            "handler": "index.handler",
            "id": "HA_Function_Service-ftk:paloalto-failover-service-ftk",
            "last_modified": "2020-09-11T14:33:57Z",
            "memory_size": 128,
            "name": "paloalto-failover-service-ftk",
            "name_prefix": null,
            "oss_bucket": null,
            "oss_key": null,
            "runtime": "python3",
            "service": "HA_Function_Service-ftk",
            "timeout": 60
          },
          "private": "bnVsbA==",
          "depends_on": [
            "alicloud_eip.MGMT-EIP",
            "alicloud_eip.UNTRUST-EIP",
            "alicloud_fc_service.paloalto-failover-service",
            "alicloud_vpc.demo_vpc",
            "data.external.apikey",
            "module.fw_deployment",
            "random_string.random_name_post"
          ]
        }
      ]
    },
    {
      "mode": "managed",
      "type": "alicloud_fc_service",
      "name": "paloalto-failover-service",
      "provider": "provider.alicloud.provider",
      "instances": [
        {
          "schema_version": 0,
          "attributes": {
            "description": "Created by terraform",
            "id": "HA_Function_Service-ftk",
            "internet_access": true,
            "last_modified": "2020-09-11T14:20:44Z",
            "log_config": [],
            "name": "HA_Function_Service-ftk",
            "name_prefix": null,
            "role": "acs:ram::5270936092657429:role/functioncompute-ram-role-ftk",
            "service_id": "3ee4ed4f-3aa6-409d-8e09-6108e84f1be4",
            "vpc_config": []
          },
          "private": "bnVsbA==",
          "depends_on": [
            "alicloud_ram_role.ram_role",
            "random_string.random_name_post"
          ]
        }
      ]
    },
    {
      "mode": "managed",
      "type": "alicloud_fc_trigger",
      "name": "timer",
      "provider": "provider.alicloud.provider",
      "instances": [
        {
          "schema_version": 0,
          "attributes": {
            "config": "{\"payload\":\"\",\"cronExpression\":\"@every 1m\",\"enable\":true}",
            "config_mns": null,
            "function": "paloalto-failover-service-ftk",
            "id": "HA_Function_Service-ftk:paloalto-failover-service-ftk:CronTrigger",
            "last_modified": "2020-09-11T14:33:57Z",
            "name": "CronTrigger",
            "name_prefix": null,
            "role": "",
            "service": "HA_Function_Service-ftk",
            "source_arn": "",
            "trigger_id": "d6de57a0-018e-43a9-ab8b-7a5299bcbcc1",
            "type": "timer"
          },
          "private": "bnVsbA==",
          "depends_on": [
            "alicloud_fc_function.active-standby",
            "alicloud_fc_service.paloalto-failover-service"
          ]
        }
      ]
    },
    {
      "module": "module.fw_deployment",
      "mode": "managed",
      "type": "alicloud_instance",
      "name": "ngfw",
      "provider": "module.fw_deployment.provider.alicloud.provider",
      "instances": [
        {
          "schema_version": 0,
          "attributes": {
            "allocate_public_ip": null,
            "auto_release_time": "",
            "auto_renew_period": null,
            "availability_zone": "cn-hongkong-b",
            "credit_specification": "",
            "data_disks": [],
            "deletion_protection": false,
            "description": "VM-series instance DEMO",
            "dry_run": false,
            "force_delete": null,
            "host_name": "iZj6ci9kw6389z97i5s6k7Z",
            "id": "i-j6ci9kw6389z97i5s6k7",
            "image_id": "m-j6c6n3rzzzc0wn6m2ldq",
            "include_data_disks": null,
            "instance_charge_type": "PostPaid",
            "instance_name": "VMGW_Demo-1-ftk",
            "instance_type": "ecs.sn2ne.xlarge",
            "internet_charge_type": "",
            "internet_max_bandwidth_in": -1,
            "internet_max_bandwidth_out": 0,
            "io_optimized": null,
            "is_outdated": null,
            "key_name": "",
            "kms_encrypted_password": null,
            "kms_encryption_context": null,
            "password": "",
            "period": null,
            "period_unit": null,
            "private_ip": "10.0.4.20",
            "public_ip": "",
            "renewal_status": null,
            "resource_group_id": "",
            "role_name": "",
            "security_enhancement_strategy": "Active",
            "security_groups": [
              "sg-j6cetfxocmofbkw68mc9"
            ],
            "spot_price_limit": 0,
            "spot_strategy": "NoSpot",
            "status": "Running",
            "subnet_id": "vsw-j6cads2kaok4u0d510pti",
            "system_disk_auto_snapshot_policy_id": "",
            "system_disk_category": "cloud_efficiency",
            "system_disk_size": 80,
            "tags": {},
            "timeouts": null,
            "user_data": "",
            "volume_tags": {},
            "vswitch_id": "vsw-j6cads2kaok4u0d510pti"
          },
          "private": "eyJlMmJmYjczMC1lY2FhLTExZTYtOGY4OC0zNDM2M2JjN2M0YzAiOnsiY3JlYXRlIjo2MDAwMDAwMDAwMDAsImRlbGV0ZSI6MTIwMDAwMDAwMDAwMCwidXBkYXRlIjo2MDAwMDAwMDAwMDB9fQ=="
        }
      ]
    },
    {
      "module": "module.fw_deployment",
      "mode": "managed",
      "type": "alicloud_instance",
      "name": "ngfw-2",
      "provider": "module.fw_deployment.provider.alicloud.provider",
      "instances": [
        {
          "schema_version": 0,
          "attributes": {
            "allocate_public_ip": null,
            "auto_release_time": "",
            "auto_renew_period": null,
            "availability_zone": "cn-hongkong-c",
            "credit_specification": "",
            "data_disks": [],
            "deletion_protection": false,
            "description": "VM-series instance DEMO-2",
            "dry_run": false,
            "force_delete": null,
            "host_name": "iZj6cguvqeqlm5qw2mube4Z",
            "id": "i-j6cguvqeqlm5qw2mube4",
            "image_id": "m-j6c0ynur3vhegggbjqqm",
            "include_data_disks": null,
            "instance_charge_type": "PostPaid",
            "instance_name": "VMGW_Demo-2-ftk",
            "instance_type": "ecs.sn2ne.xlarge",
            "internet_charge_type": "",
            "internet_max_bandwidth_in": -1,
            "internet_max_bandwidth_out": 0,
            "io_optimized": null,
            "is_outdated": null,
            "key_name": "",
            "kms_encrypted_password": null,
            "kms_encryption_context": null,
            "password": "",
            "period": null,
            "period_unit": null,
            "private_ip": "10.0.7.20",
            "public_ip": "",
            "renewal_status": null,
            "resource_group_id": "",
            "role_name": "",
            "security_enhancement_strategy": "Active",
            "security_groups": [
              "sg-j6cetfxocmofbkw68mc9"
            ],
            "spot_price_limit": 0,
            "spot_strategy": "NoSpot",
            "status": "Running",
            "subnet_id": "vsw-j6c719qpaqsa93xvmo75k",
            "system_disk_auto_snapshot_policy_id": "",
            "system_disk_category": "cloud_efficiency",
            "system_disk_size": 80,
            "tags": {},
            "timeouts": null,
            "user_data": "",
            "volume_tags": {},
            "vswitch_id": "vsw-j6c719qpaqsa93xvmo75k"
          },
          "private": "eyJlMmJmYjczMC1lY2FhLTExZTYtOGY4OC0zNDM2M2JjN2M0YzAiOnsiY3JlYXRlIjo2MDAwMDAwMDAwMDAsImRlbGV0ZSI6MTIwMDAwMDAwMDAwMCwidXBkYXRlIjo2MDAwMDAwMDAwMDB9fQ=="
        }
      ]
    },
    {
      "mode": "managed",
      "type": "alicloud_instance",
      "name": "webserver-1",
      "provider": "provider.alicloud.provider",
      "instances": [
        {
          "schema_version": 0,
          "attributes": {
            "allocate_public_ip": null,
            "auto_release_time": "",
            "auto_renew_period": null,
            "availability_zone": "cn-hongkong-b",
            "credit_specification": "Standard",
            "data_disks": [],
            "deletion_protection": false,
            "description": "webserver-1",
            "dry_run": false,
            "force_delete": null,
            "host_name": "webserver-1",
            "id": "i-j6cbpdmo162c77z40cq7",
            "image_id": "m-j6cggjmd5y51gcrujajs",
            "include_data_disks": null,
            "instance_charge_type": "PostPaid",
            "instance_name": "webserver-1-ftk",
            "instance_type": "ecs.t6-c2m1.large",
            "internet_charge_type": "PayByTraffic",
            "internet_max_bandwidth_in": -1,
            "internet_max_bandwidth_out": 0,
            "io_optimized": null,
            "is_outdated": null,
            "key_name": "",
            "kms_encrypted_password": null,
            "kms_encryption_context": null,
            "password": "",
            "period": null,
            "period_unit": null,
            "private_ip": "10.0.6.50",
            "public_ip": "",
            "renewal_status": null,
            "resource_group_id": "",
            "role_name": "",
            "security_enhancement_strategy": "Active",
            "security_groups": [
              "sg-j6c4lnbv4ox55k6q5qkp"
            ],
            "spot_price_limit": 0,
            "spot_strategy": "NoSpot",
            "status": "Running",
            "subnet_id": "vsw-j6cgb5c493t3thpcvf3ak",
            "system_disk_auto_snapshot_policy_id": "",
            "system_disk_category": "cloud_efficiency",
            "system_disk_size": 40,
            "tags": {},
            "timeouts": null,
            "user_data": "",
            "volume_tags": {},
            "vswitch_id": "vsw-j6cgb5c493t3thpcvf3ak"
          },
          "private": "eyJlMmJmYjczMC1lY2FhLTExZTYtOGY4OC0zNDM2M2JjN2M0YzAiOnsiY3JlYXRlIjo2MDAwMDAwMDAwMDAsImRlbGV0ZSI6MTIwMDAwMDAwMDAwMCwidXBkYXRlIjo2MDAwMDAwMDAwMDB9fQ==",
          "depends_on": [
            "alicloud_security_group.TRUST-SG",
            "alicloud_vswitch.data-trust-vswitch",
            "random_string.random_name_post"
          ]
        }
      ]
    },
    {
      "mode": "managed",
      "type": "alicloud_instance",
      "name": "webserver-2",
      "provider": "provider.alicloud.provider",
      "instances": [
        {
          "schema_version": 0,
          "attributes": {
            "allocate_public_ip": null,
            "auto_release_time": "",
            "auto_renew_period": null,
            "availability_zone": "cn-hongkong-c",
            "credit_specification": "Standard",
            "data_disks": [],
            "deletion_protection": false,
            "description": "webserver-2",
            "dry_run": false,
            "force_delete": null,
            "host_name": "webserver-2",
            "id": "i-j6cguvqeqlm5qw2mube5",
            "image_id": "m-j6ccumk9lw77usu3bg51",
            "include_data_disks": null,
            "instance_charge_type": "PostPaid",
            "instance_name": "webserver-2-ftk",
            "instance_type": "ecs.t6-c2m1.large",
            "internet_charge_type": "PayByTraffic",
            "internet_max_bandwidth_in": -1,
            "internet_max_bandwidth_out": 0,
            "io_optimized": null,
            "is_outdated": null,
            "key_name": "",
            "kms_encrypted_password": null,
            "kms_encryption_context": null,
            "password": "",
            "period": null,
            "period_unit": null,
            "private_ip": "10.0.9.50",
            "public_ip": "",
            "renewal_status": null,
            "resource_group_id": "",
            "role_name": "",
            "security_enhancement_strategy": "Active",
            "security_groups": [
              "sg-j6c4lnbv4ox55k6q5qkp"
            ],
            "spot_price_limit": 0,
            "spot_strategy": "NoSpot",
            "status": "Running",
            "subnet_id": "vsw-j6cv35makbix1y5eykrkp",
            "system_disk_auto_snapshot_policy_id": "",
            "system_disk_category": "cloud_efficiency",
            "system_disk_size": 40,
            "tags": {},
            "timeouts": null,
            "user_data": "",
            "volume_tags": {},
            "vswitch_id": "vsw-j6cv35makbix1y5eykrkp"
          },
          "private": "eyJlMmJmYjczMC1lY2FhLTExZTYtOGY4OC0zNDM2M2JjN2M0YzAiOnsiY3JlYXRlIjo2MDAwMDAwMDAwMDAsImRlbGV0ZSI6MTIwMDAwMDAwMDAwMCwidXBkYXRlIjo2MDAwMDAwMDAwMDB9fQ==",
          "depends_on": [
            "alicloud_security_group.TRUST-SG",
            "alicloud_vswitch.data-trust-vswitch-2",
            "random_string.random_name_post"
          ]
        }
      ]
    },
    {
      "module": "module.fw_deployment",
      "mode": "managed",
      "type": "alicloud_network_interface",
      "name": "trust-interface",
      "provider": "module.fw_deployment.provider.alicloud.provider",
      "instances": [
        {
          "schema_version": 0,
          "attributes": {
            "description": "",
            "id": "eni-j6caxiviws7aia9quf5y",
            "mac": "00:16:3e:00:81:4b",
            "name": "VM-series-trust-interface",
            "private_ip": "10.0.6.20",
            "private_ips": [],
            "private_ips_count": 0,
            "resource_group_id": "",
            "security_groups": [
              "sg-j6c4lnbv4ox55k6q5qkp"
            ],
            "tags": null,
            "vswitch_id": "vsw-j6cgb5c493t3thpcvf3ak"
          },
          "private": "bnVsbA=="
        }
      ]
    },
    {
      "module": "module.fw_deployment",
      "mode": "managed",
      "type": "alicloud_network_interface",
      "name": "trust-interface-2",
      "provider": "module.fw_deployment.provider.alicloud.provider",
      "instances": [
        {
          "schema_version": 0,
          "attributes": {
            "description": "",
            "id": "eni-j6cj3ged7d63qt4dzgvj",
            "mac": "00:16:3e:02:20:b3",
            "name": "VM-series-trust-interface-2",
            "private_ip": "10.0.9.20",
            "private_ips": [],
            "private_ips_count": 0,
            "resource_group_id": "",
            "security_groups": [
              "sg-j6c4lnbv4ox55k6q5qkp"
            ],
            "tags": null,
            "vswitch_id": "vsw-j6cv35makbix1y5eykrkp"
          },
          "private": "bnVsbA=="
        }
      ]
    },
    {
      "module": "module.fw_deployment",
      "mode": "managed",
      "type": "alicloud_network_interface",
      "name": "untrust-interface",
      "provider": "module.fw_deployment.provider.alicloud.provider",
      "instances": [
        {
          "schema_version": 0,
          "attributes": {
            "description": "",
            "id": "eni-j6c4dhwiyahqi4t1gjog",
            "mac": "00:16:3e:00:0d:d3",
            "name": "VM-series-untrust-interface",
            "private_ip": "10.0.5.20",
            "private_ips": [],
            "private_ips_count": 0,
            "resource_group_id": "",
            "security_groups": [
              "sg-j6c12qqdfkrahlw7lxwk"
            ],
            "tags": null,
            "vswitch_id": "vsw-j6ce1691vc1al4epl404a"
          },
          "private": "bnVsbA==",
          "depends_on": [
            "alicloud_network_interface_attachment.attach-trust",
            "alicloud_network_interface_attachment.attach-trust-2"
          ]
        }
      ]
    },
    {
      "module": "module.fw_deployment",
      "mode": "managed",
      "type": "alicloud_network_interface",
      "name": "untrust-interface-2",
      "provider": "module.fw_deployment.provider.alicloud.provider",
      "instances": [
        {
          "schema_version": 0,
          "attributes": {
            "description": "",
            "id": "eni-j6cj6xr0ykarvhfrmg2q",
            "mac": "00:16:3e:00:55:02",
            "name": "VM-series-untrust-interface-2",
            "private_ip": "10.0.8.20",
            "private_ips": [],
            "private_ips_count": 0,
            "resource_group_id": "",
            "security_groups": [
              "sg-j6c12qqdfkrahlw7lxwk"
            ],
            "tags": null,
            "vswitch_id": "vsw-j6cy33sz357554epou0q9"
          },
          "private": "bnVsbA==",
          "depends_on": [
            "alicloud_network_interface_attachment.attach-trust",
            "alicloud_network_interface_attachment.attach-trust-2"
          ]
        }
      ]
    },
    {
      "module": "module.fw_deployment",
      "mode": "managed",
      "type": "alicloud_network_interface_attachment",
      "name": "attach-trust",
      "provider": "module.fw_deployment.provider.alicloud.provider",
      "instances": [
        {
          "schema_version": 0,
          "attributes": {
            "id": "eni-j6caxiviws7aia9quf5y:i-j6ci9kw6389z97i5s6k7",
            "instance_id": "i-j6ci9kw6389z97i5s6k7",
            "network_interface_id": "eni-j6caxiviws7aia9quf5y"
          },
          "private": "bnVsbA==",
          "depends_on": [
            "alicloud_instance.ngfw",
            "alicloud_network_interface.trust-interface"
          ]
        }
      ]
    },
    {
      "module": "module.fw_deployment",
      "mode": "managed",
      "type": "alicloud_network_interface_attachment",
      "name": "attach-trust-2",
      "provider": "module.fw_deployment.provider.alicloud.provider",
      "instances": [
        {
          "schema_version": 0,
          "attributes": {
            "id": "eni-j6cj3ged7d63qt4dzgvj:i-j6cguvqeqlm5qw2mube4",
            "instance_id": "i-j6cguvqeqlm5qw2mube4",
            "network_interface_id": "eni-j6cj3ged7d63qt4dzgvj"
          },
          "private": "bnVsbA==",
          "depends_on": [
            "alicloud_instance.ngfw-2",
            "alicloud_network_interface.trust-interface-2"
          ]
        }
      ]
    },
    {
      "module": "module.fw_deployment",
      "mode": "managed",
      "type": "alicloud_network_interface_attachment",
      "name": "attach-untrust",
      "provider": "module.fw_deployment.provider.alicloud.provider",
      "instances": [
        {
          "schema_version": 0,
          "attributes": {
            "id": "eni-j6c4dhwiyahqi4t1gjog:i-j6ci9kw6389z97i5s6k7",
            "instance_id": "i-j6ci9kw6389z97i5s6k7",
            "network_interface_id": "eni-j6c4dhwiyahqi4t1gjog"
          },
          "private": "bnVsbA==",
          "depends_on": [
            "alicloud_instance.ngfw",
            "alicloud_network_interface.untrust-interface",
            "alicloud_network_interface_attachment.attach-trust",
            "alicloud_network_interface_attachment.attach-trust-2"
          ]
        }
      ]
    },
    {
      "module": "module.fw_deployment",
      "mode": "managed",
      "type": "alicloud_network_interface_attachment",
      "name": "attach-untrust-2",
      "provider": "module.fw_deployment.provider.alicloud.provider",
      "instances": [
        {
          "schema_version": 0,
          "attributes": {
            "id": "eni-j6cj6xr0ykarvhfrmg2q:i-j6cguvqeqlm5qw2mube4",
            "instance_id": "i-j6cguvqeqlm5qw2mube4",
            "network_interface_id": "eni-j6cj6xr0ykarvhfrmg2q"
          },
          "private": "bnVsbA==",
          "depends_on": [
            "alicloud_instance.ngfw-2",
            "alicloud_network_interface.untrust-interface-2",
            "alicloud_network_interface_attachment.attach-trust",
            "alicloud_network_interface_attachment.attach-trust-2"
          ]
        }
      ]
    },
    {
      "mode": "managed",
      "type": "alicloud_ram_policy",
      "name": "policy",
      "provider": "provider.alicloud.provider",
      "instances": [
        {
          "schema_version": 0,
          "attributes": {
            "attachment_count": 1,
            "description": "FunctionCompute-RAM-Role.",
            "document": "{\n\"Statement\": [\n\n    {\n    \"Action\": \"ecs:*\", \n    \"Resource\": \"*\", \n    \"Effect\": \"Allow\"\n    }, \n    {\n    \"Action\": [\n    \"vpc:DescribeVpcs\", \n    \"vpc:DescribeVSwitches\"\n    ], \n    \"Resource\": \"*\", \n    \"Effect\": \"Allow\"\n    },\n\n    {\n    \"Action\": [\n        \"vpc:*HaVip*\", \n        \"vpc:*RouteTable*\", \n        \"vpc:*VRouter*\", \n        \"vpc:*RouteEntry*\", \n        \"vpc:*VSwitch*\", \n        \"vpc:*Vpc*\", \n        \"vpc:*Cen*\", \n        \"vpc:*Tag*\", \n        \"vpc:*NetworkAcl*\"\n    ], \n    \"Resource\": \"*\", \n    \"Effect\": \"Allow\"\n    },\n\n    {\n    \"Action\": [\n        \"vpc:*Eip*\", \n        \"vpc:*HighDefinitionMonitor*\"\n    ], \n    \"Resource\": \"*\", \n    \"Effect\": \"Allow\"\n    }, \n    {\n    \"Action\": \"ecs:DescribeInstances\", \n    \"Resource\": \"*\", \n    \"Effect\": \"Allow\"\n    },\n\n    {\n    \"Action\": [\n        \"vpc:DescribeVSwitchAttributes\"\n    ], \n    \"Resource\": \"*\", \n    \"Effect\": \"Allow\"\n    }, \n    {\n    \"Action\": [\n        \"ecs:CreateNetworkInterface\", \n        \"ecs:DeleteNetworkInterface\", \n        \"ecs:DescribeNetworkInterfaces\", \n        \"ecs:CreateNetworkInterfacePermission\", \n        \"ecs:DescribeNetworkInterfacePermissions\", \n        \"ecs:DeleteNetworkInterfacePermission\"\n    ], \n    \"Resource\": \"*\", \n    \"Effect\": \"Allow\"\n    }\n],\n\n\"Version\": \"1\"\n}\n",
            "force": true,
            "id": "RAM-Policy-ftk",
            "name": "RAM-Policy-ftk",
            "statement": [
              {
                "action": [
                  "ecs:*"
                ],
                "effect": "Allow",
                "resource": [
                  "*"
                ]
              },
              {
                "action": [
                  "ecs:CreateNetworkInterface",
                  "ecs:DeleteNetworkInterface",
                  "ecs:DescribeNetworkInterfaces",
                  "ecs:CreateNetworkInterfacePermission",
                  "ecs:DescribeNetworkInterfacePermissions",
                  "ecs:DeleteNetworkInterfacePermission"
                ],
                "effect": "Allow",
                "resource": [
                  "*"
                ]
              },
              {
                "action": [
                  "ecs:DescribeInstances"
                ],
                "effect": "Allow",
                "resource": [
                  "*"
                ]
              },
              {
                "action": [
                  "vpc:*Eip*",
                  "vpc:*HighDefinitionMonitor*"
                ],
                "effect": "Allow",
                "resource": [
                  "*"
                ]
              },
              {
                "action": [
                  "vpc:*HaVip*",
                  "vpc:*RouteTable*",
                  "vpc:*VRouter*",
                  "vpc:*RouteEntry*",
                  "vpc:*VSwitch*",
                  "vpc:*Vpc*",
                  "vpc:*Cen*",
                  "vpc:*Tag*",
                  "vpc:*NetworkAcl*"
                ],
                "effect": "Allow",
                "resource": [
                  "*"
                ]
              },
              {
                "action": [
                  "vpc:DescribeVSwitchAttributes"
                ],
                "effect": "Allow",
                "resource": [
                  "*"
                ]
              },
              {
                "action": [
                  "vpc:DescribeVpcs",
                  "vpc:DescribeVSwitches"
                ],
                "effect": "Allow",
                "resource": [
                  "*"
                ]
              }
            ],
            "type": "Custom",
            "version": "1"
          },
          "private": "bnVsbA==",
          "depends_on": [
            "random_string.random_name_post"
          ]
        }
      ]
    },
    {
      "mode": "managed",
      "type": "alicloud_ram_role",
      "name": "ram_role",
      "provider": "provider.alicloud.provider",
      "instances": [
        {
          "schema_version": 0,
          "attributes": {
            "arn": "acs:ram::5270936092657429:role/functioncompute-ram-role-ftk",
            "description": "FunctionCompute-RAM-Role.",
            "document": "{\n    \"Statement\": [{\n            \"Action\": \"sts:AssumeRole\",\n            \"Effect\": \"Allow\",\n            \"Principal\": {\"Service\": [\"fc.aliyuncs.com\"]}}],\n    \"Version\": \"1\"}",
            "force": true,
            "id": "FunctionCompute-RAM-Role-ftk",
            "name": "FunctionCompute-RAM-Role-ftk",
            "ram_users": [],
            "role_id": "327430871634583006",
            "services": [
              "fc.aliyuncs.com"
            ],
            "version": "1"
          },
          "private": "bnVsbA==",
          "depends_on": [
            "random_string.random_name_post"
          ]
        }
      ]
    },
    {
      "mode": "managed",
      "type": "alicloud_ram_role_policy_attachment",
      "name": "attach",
      "provider": "provider.alicloud.provider",
      "instances": [
        {
          "schema_version": 0,
          "attributes": {
            "id": "role:RAM-Policy-ftk:Custom:FunctionCompute-RAM-Role-ftk",
            "policy_name": "RAM-Policy-ftk",
            "policy_type": "Custom",
            "role_name": "FunctionCompute-RAM-Role-ftk"
          },
          "private": "bnVsbA==",
          "depends_on": [
            "alicloud_ram_policy.policy",
            "alicloud_ram_role.ram_role"
          ]
        }
      ]
    },
    {
      "module": "module.fw_deployment",
      "mode": "managed",
      "type": "alicloud_route_entry",
      "name": "egress",
      "provider": "module.fw_deployment.provider.alicloud.provider",
      "instances": [
        {
          "schema_version": 0,
          "attributes": {
            "destination_cidrblock": "0.0.0.0/0",
            "id": "vtb-j6cu6akqtt0zjcx13bu9n:vrt-j6ch71pedxdbz1yul5xbu:0.0.0.0/0:NetworkInterface:eni-j6caxiviws7aia9quf5y",
            "name": "",
            "nexthop_id": "eni-j6caxiviws7aia9quf5y",
            "nexthop_type": "NetworkInterface",
            "route_table_id": "vtb-j6cu6akqtt0zjcx13bu9n",
            "router_id": "vrt-j6ch71pedxdbz1yul5xbu"
          },
          "private": "bnVsbA==",
          "depends_on": [
            "alicloud_network_interface.trust-interface"
          ]
        }
      ]
    },
    {
      "mode": "managed",
      "type": "alicloud_security_group",
      "name": "MGMT-SG",
      "provider": "provider.alicloud.provider",
      "instances": [
        {
          "schema_version": 0,
          "attributes": {
            "description": "Security Group for Mgmt",
            "id": "sg-j6cetfxocmofbkw68mc9",
            "inner_access": true,
            "inner_access_policy": "Accept",
            "name": "Mgmt-Security-Group",
            "resource_group_id": "",
            "security_group_type": "normal",
            "tags": {},
            "vpc_id": "vpc-j6ckfjzicd1oqqnjoqfi1"
          },
          "private": "bnVsbA==",
          "depends_on": [
            "alicloud_vpc.demo_vpc"
          ]
        }
      ]
    },
    {
      "mode": "managed",
      "type": "alicloud_security_group",
      "name": "TRUST-SG",
      "provider": "provider.alicloud.provider",
      "instances": [
        {
          "schema_version": 0,
          "attributes": {
            "description": "Security Group for Trust",
            "id": "sg-j6c4lnbv4ox55k6q5qkp",
            "inner_access": true,
            "inner_access_policy": "Accept",
            "name": "Trust-Security-Group",
            "resource_group_id": "",
            "security_group_type": "normal",
            "tags": {},
            "vpc_id": "vpc-j6ckfjzicd1oqqnjoqfi1"
          },
          "private": "bnVsbA==",
          "depends_on": [
            "alicloud_vpc.demo_vpc"
          ]
        }
      ]
    },
    {
      "mode": "managed",
      "type": "alicloud_security_group",
      "name": "UNTRUST-SG",
      "provider": "provider.alicloud.provider",
      "instances": [
        {
          "schema_version": 0,
          "attributes": {
            "description": "Security Group for Untrust",
            "id": "sg-j6c12qqdfkrahlw7lxwk",
            "inner_access": true,
            "inner_access_policy": "Accept",
            "name": "Untrust-Security-Group",
            "resource_group_id": "",
            "security_group_type": "normal",
            "tags": {},
            "vpc_id": "vpc-j6ckfjzicd1oqqnjoqfi1"
          },
          "private": "bnVsbA==",
          "depends_on": [
            "alicloud_vpc.demo_vpc"
          ]
        }
      ]
    },
    {
      "mode": "managed",
      "type": "alicloud_security_group_rule",
      "name": "allow_all_443",
      "provider": "provider.alicloud.provider",
      "instances": [
        {
          "schema_version": 0,
          "attributes": {
            "cidr_ip": "0.0.0.0/0",
            "description": "",
            "id": "sg-j6cetfxocmofbkw68mc9:ingress:tcp:443/443:intranet:0.0.0.0/0:accept:1",
            "ip_protocol": "tcp",
            "nic_type": "intranet",
            "policy": "accept",
            "port_range": "443/443",
            "priority": 1,
            "security_group_id": "sg-j6cetfxocmofbkw68mc9",
            "source_group_owner_account": "",
            "source_security_group_id": "",
            "type": "ingress"
          },
          "private": "bnVsbA==",
          "depends_on": [
            "alicloud_security_group.MGMT-SG"
          ]
        }
      ]
    },
    {
      "mode": "managed",
      "type": "alicloud_security_group_rule",
      "name": "allow_all_icmp",
      "provider": "provider.alicloud.provider",
      "instances": [
        {
          "schema_version": 0,
          "attributes": {
            "cidr_ip": "0.0.0.0/0",
            "description": "",
            "id": "sg-j6cetfxocmofbkw68mc9:ingress:icmp:-1/-1:intranet:0.0.0.0/0:accept:1",
            "ip_protocol": "icmp",
            "nic_type": "intranet",
            "policy": "accept",
            "port_range": "-1/-1",
            "priority": 1,
            "security_group_id": "sg-j6cetfxocmofbkw68mc9",
            "source_group_owner_account": "",
            "source_security_group_id": "",
            "type": "ingress"
          },
          "private": "bnVsbA==",
          "depends_on": [
            "alicloud_security_group.MGMT-SG"
          ]
        }
      ]
    },
    {
      "mode": "managed",
      "type": "alicloud_security_group_rule",
      "name": "allow_tcp__mgmt_22",
      "provider": "provider.alicloud.provider",
      "instances": [
        {
          "schema_version": 0,
          "attributes": {
            "cidr_ip": "0.0.0.0/0",
            "description": "",
            "id": "sg-j6cetfxocmofbkw68mc9:ingress:tcp:22/22:intranet:0.0.0.0/0:accept:1",
            "ip_protocol": "tcp",
            "nic_type": "intranet",
            "policy": "accept",
            "port_range": "22/22",
            "priority": 1,
            "security_group_id": "sg-j6cetfxocmofbkw68mc9",
            "source_group_owner_account": "",
            "source_security_group_id": "",
            "type": "ingress"
          },
          "private": "bnVsbA==",
          "depends_on": [
            "alicloud_security_group.MGMT-SG"
          ]
        }
      ]
    },
    {
      "mode": "managed",
      "type": "alicloud_security_group_rule",
      "name": "allow_tcp_trust_all",
      "provider": "provider.alicloud.provider",
      "instances": [
        {
          "schema_version": 0,
          "attributes": {
            "cidr_ip": "0.0.0.0/0",
            "description": "",
            "id": "sg-j6c4lnbv4ox55k6q5qkp:ingress:tcp:1/65535:intranet:0.0.0.0/0:accept:100",
            "ip_protocol": "tcp",
            "nic_type": "intranet",
            "policy": "accept",
            "port_range": "1/65535",
            "priority": 100,
            "security_group_id": "sg-j6c4lnbv4ox55k6q5qkp",
            "source_group_owner_account": "",
            "source_security_group_id": "",
            "type": "ingress"
          },
          "private": "bnVsbA==",
          "depends_on": [
            "alicloud_security_group.TRUST-SG"
          ]
        }
      ]
    },
    {
      "mode": "managed",
      "type": "alicloud_security_group_rule",
      "name": "allow_tcp_untrust_all",
      "provider": "provider.alicloud.provider",
      "instances": [
        {
          "schema_version": 0,
          "attributes": {
            "cidr_ip": "0.0.0.0/0",
            "description": "",
            "id": "sg-j6c12qqdfkrahlw7lxwk:ingress:tcp:1/65535:intranet:0.0.0.0/0:accept:1",
            "ip_protocol": "tcp",
            "nic_type": "intranet",
            "policy": "accept",
            "port_range": "1/65535",
            "priority": 1,
            "security_group_id": "sg-j6c12qqdfkrahlw7lxwk",
            "source_group_owner_account": "",
            "source_security_group_id": "",
            "type": "ingress"
          },
          "private": "bnVsbA==",
          "depends_on": [
            "alicloud_security_group.UNTRUST-SG"
          ]
        }
      ]
    },
    {
      "module": "module.slb",
      "mode": "managed",
      "type": "alicloud_slb",
      "name": "this",
      "each": "list",
      "provider": "module.slb.provider.alicloud",
      "instances": [
        {
          "index_key": 0,
          "schema_version": 0,
          "attributes": {
            "address": "10.0.6.160",
            "address_ip_version": "ipv4",
            "address_type": "intranet",
            "bandwidth": 2048,
            "delete_protection": "off",
            "id": "lb-3nsfwex5m6u79o8tbo0tt",
            "instance_charge_type": "PostPaid",
            "internet": false,
            "internet_charge_type": "PayByTraffic",
            "master_zone_id": "cn-hongkong-b",
            "name": "internal-slb-ftk",
            "period": null,
            "resource_group_id": "rg-acfntxhh7nl4ofi",
            "slave_zone_id": "cn-hongkong-c",
            "specification": "slb.s1.small",
            "tags": null,
            "vswitch_id": "vsw-j6cgb5c493t3thpcvf3ak"
          },
          "private": "bnVsbA=="
        }
      ]
    },
    {
      "module": "module.slb",
      "mode": "managed",
      "type": "alicloud_slb_backend_server",
      "name": "this",
      "each": "list",
      "provider": "module.slb.provider.alicloud",
      "instances": []
    },
    {
      "mode": "managed",
      "type": "alicloud_slb_listener",
      "name": "default",
      "provider": "provider.alicloud.provider",
      "instances": [
        {
          "schema_version": 0,
          "attributes": {
            "acl_id": null,
            "acl_status": "off",
            "acl_type": null,
            "backend_port": 80,
            "bandwidth": 10,
            "cookie": null,
            "cookie_timeout": null,
            "delete_protection_validation": false,
            "description": null,
            "enable_http2": null,
            "established_timeout": null,
            "forward_port": null,
            "frontend_port": 80,
            "gzip": true,
            "health_check": "on",
            "health_check_connect_port": 80,
            "health_check_domain": null,
            "health_check_http_code": "http_2xx",
            "health_check_interval": 5,
            "health_check_method": "head",
            "health_check_timeout": 8,
            "health_check_type": "http",
            "health_check_uri": "/",
            "healthy_threshold": 8,
            "id": "lb-3nsfwex5m6u79o8tbo0tt:http:80",
            "idle_timeout": 15,
            "instance_port": null,
            "lb_port": null,
            "lb_protocol": null,
            "listener_forward": "off",
            "load_balancer_id": "lb-3nsfwex5m6u79o8tbo0tt",
            "master_slave_server_group_id": null,
            "persistence_timeout": null,
            "protocol": "http",
            "request_timeout": 60,
            "scheduler": "wrr",
            "server_certificate_id": null,
            "server_group_id": "rsp-3nsnwq7f3q68k",
            "ssl_certificate_id": null,
            "sticky_session": "off",
            "sticky_session_type": null,
            "tls_cipher_policy": null,
            "unhealthy_threshold": 8,
            "x_forwarded_for": [
              {
                "retrive_client_ip": true,
                "retrive_slb_id": false,
                "retrive_slb_ip": false,
                "retrive_slb_proto": false
              }
            ]
          },
          "private": "bnVsbA==",
          "depends_on": [
            "module.slb"
          ]
        }
      ]
    },
    {
      "module": "module.slb",
      "mode": "managed",
      "type": "alicloud_slb_master_slave_server_group",
      "name": "this",
      "each": "list",
      "provider": "module.slb.provider.alicloud",
      "instances": []
    },
    {
      "module": "module.slb",
      "mode": "managed",
      "type": "alicloud_slb_server_group",
      "name": "this",
      "each": "list",
      "provider": "module.slb.provider.alicloud",
      "instances": [
        {
          "index_key": 0,
          "schema_version": 0,
          "attributes": {
            "delete_protection_validation": false,
            "id": "rsp-3nsnwq7f3q68k",
            "load_balancer_id": "lb-3nsfwex5m6u79o8tbo0tt",
            "name": "internal-slb-ftk-virtual",
            "servers": [
              {
                "port": 80,
                "server_ids": [
                  "i-j6cbpdmo162c77z40cq7",
                  " i-j6cguvqeqlm5qw2mube5"
                ],
                "type": "ecs",
                "weight": 50
              }
            ]
          },
          "private": "bnVsbA=="
        }
      ]
    },
    {
      "mode": "managed",
      "type": "alicloud_vpc",
      "name": "demo_vpc",
      "provider": "provider.alicloud.provider",
      "instances": [
        {
          "schema_version": 0,
          "attributes": {
            "cidr_block": "10.0.0.0/16",
            "description": "VPC for VMFW in cn-hongkong",
            "id": "vpc-j6ckfjzicd1oqqnjoqfi1",
            "name": "VPC_HA-ftk",
            "resource_group_id": "rg-acfntxhh7nl4ofi",
            "route_table_id": "vtb-j6cu6akqtt0zjcx13bu9n",
            "router_id": "vrt-j6ch71pedxdbz1yul5xbu",
            "router_table_id": "vtb-j6cu6akqtt0zjcx13bu9n",
            "tags": {},
            "timeouts": null
          },
          "private": "eyJlMmJmYjczMC1lY2FhLTExZTYtOGY4OC0zNDM2M2JjN2M0YzAiOnsiY3JlYXRlIjo2MDAwMDAwMDAwMDAsImRlbGV0ZSI6NjAwMDAwMDAwMDAwfX0=",
          "depends_on": [
            "random_string.random_name_post"
          ]
        }
      ]
    },
    {
      "mode": "managed",
      "type": "alicloud_vswitch",
      "name": "data-trust-vswitch",
      "provider": "provider.alicloud.provider",
      "instances": [
        {
          "schema_version": 0,
          "attributes": {
            "availability_zone": "cn-hongkong-b",
            "cidr_block": "10.0.6.0/24",
            "description": "VSwitch for VM-series Trust interface",
            "id": "vsw-j6cgb5c493t3thpcvf3ak",
            "name": "Private-VSwitch-ftk",
            "tags": {},
            "timeouts": null,
            "vpc_id": "vpc-j6ckfjzicd1oqqnjoqfi1"
          },
          "private": "eyJlMmJmYjczMC1lY2FhLTExZTYtOGY4OC0zNDM2M2JjN2M0YzAiOnsiY3JlYXRlIjo2MDAwMDAwMDAwMDAsImRlbGV0ZSI6NjAwMDAwMDAwMDAwfX0=",
          "depends_on": [
            "alicloud_vpc.demo_vpc",
            "data.alicloud_zones.zone",
            "random_string.random_name_post"
          ]
        }
      ]
    },
    {
      "mode": "managed",
      "type": "alicloud_vswitch",
      "name": "data-trust-vswitch-2",
      "provider": "provider.alicloud.provider",
      "instances": [
        {
          "schema_version": 0,
          "attributes": {
            "availability_zone": "cn-hongkong-c",
            "cidr_block": "10.0.9.0/24",
            "description": "VSwitch for VM-series Trust interface-2",
            "id": "vsw-j6cv35makbix1y5eykrkp",
            "name": "Private-VSwitch-2-ftk",
            "tags": {},
            "timeouts": null,
            "vpc_id": "vpc-j6ckfjzicd1oqqnjoqfi1"
          },
          "private": "eyJlMmJmYjczMC1lY2FhLTExZTYtOGY4OC0zNDM2M2JjN2M0YzAiOnsiY3JlYXRlIjo2MDAwMDAwMDAwMDAsImRlbGV0ZSI6NjAwMDAwMDAwMDAwfX0=",
          "depends_on": [
            "alicloud_vpc.demo_vpc",
            "data.alicloud_zones.zone",
            "random_string.random_name_post"
          ]
        }
      ]
    },
    {
      "mode": "managed",
      "type": "alicloud_vswitch",
      "name": "data-untrust-vswitch",
      "provider": "provider.alicloud.provider",
      "instances": [
        {
          "schema_version": 0,
          "attributes": {
            "availability_zone": "cn-hongkong-b",
            "cidr_block": "10.0.5.0/24",
            "description": "VSwitch for VM-series Untrust interface",
            "id": "vsw-j6ce1691vc1al4epl404a",
            "name": "Public-VSwitch-ftk",
            "tags": {},
            "timeouts": null,
            "vpc_id": "vpc-j6ckfjzicd1oqqnjoqfi1"
          },
          "private": "eyJlMmJmYjczMC1lY2FhLTExZTYtOGY4OC0zNDM2M2JjN2M0YzAiOnsiY3JlYXRlIjo2MDAwMDAwMDAwMDAsImRlbGV0ZSI6NjAwMDAwMDAwMDAwfX0=",
          "depends_on": [
            "alicloud_vpc.demo_vpc",
            "data.alicloud_zones.zone",
            "random_string.random_name_post"
          ]
        }
      ]
    },
    {
      "mode": "managed",
      "type": "alicloud_vswitch",
      "name": "data-untrust-vswitch-2",
      "provider": "provider.alicloud.provider",
      "instances": [
        {
          "schema_version": 0,
          "attributes": {
            "availability_zone": "cn-hongkong-c",
            "cidr_block": "10.0.8.0/24",
            "description": "VSwitch for VM-series Untrust interface-2",
            "id": "vsw-j6cy33sz357554epou0q9",
            "name": "Public-VSwitch-2-ftk",
            "tags": {},
            "timeouts": null,
            "vpc_id": "vpc-j6ckfjzicd1oqqnjoqfi1"
          },
          "private": "eyJlMmJmYjczMC1lY2FhLTExZTYtOGY4OC0zNDM2M2JjN2M0YzAiOnsiY3JlYXRlIjo2MDAwMDAwMDAwMDAsImRlbGV0ZSI6NjAwMDAwMDAwMDAwfX0=",
          "depends_on": [
            "alicloud_vpc.demo_vpc",
            "data.alicloud_zones.zone",
            "random_string.random_name_post"
          ]
        }
      ]
    },
    {
      "mode": "managed",
      "type": "alicloud_vswitch",
      "name": "mgmt-vswitch",
      "provider": "provider.alicloud.provider",
      "instances": [
        {
          "schema_version": 0,
          "attributes": {
            "availability_zone": "cn-hongkong-b",
            "cidr_block": "10.0.4.0/24",
            "description": "VSwitch for VM-series Mgmt",
            "id": "vsw-j6cads2kaok4u0d510pti",
            "name": "Mgmt-VSwitch-ftk",
            "tags": {},
            "timeouts": null,
            "vpc_id": "vpc-j6ckfjzicd1oqqnjoqfi1"
          },
          "private": "eyJlMmJmYjczMC1lY2FhLTExZTYtOGY4OC0zNDM2M2JjN2M0YzAiOnsiY3JlYXRlIjo2MDAwMDAwMDAwMDAsImRlbGV0ZSI6NjAwMDAwMDAwMDAwfX0=",
          "depends_on": [
            "alicloud_vpc.demo_vpc",
            "data.alicloud_zones.zone",
            "random_string.random_name_post"
          ]
        }
      ]
    },
    {
      "mode": "managed",
      "type": "alicloud_vswitch",
      "name": "mgmt-vswitch-2",
      "provider": "provider.alicloud.provider",
      "instances": [
        {
          "schema_version": 0,
          "attributes": {
            "availability_zone": "cn-hongkong-c",
            "cidr_block": "10.0.7.0/24",
            "description": "VSwitch for VM-series  Mgmt-2",
            "id": "vsw-j6c719qpaqsa93xvmo75k",
            "name": "Mgmt-VSwitch-2-ftk",
            "tags": {},
            "timeouts": null,
            "vpc_id": "vpc-j6ckfjzicd1oqqnjoqfi1"
          },
          "private": "eyJlMmJmYjczMC1lY2FhLTExZTYtOGY4OC0zNDM2M2JjN2M0YzAiOnsiY3JlYXRlIjo2MDAwMDAwMDAwMDAsImRlbGV0ZSI6NjAwMDAwMDAwMDAwfX0=",
          "depends_on": [
            "alicloud_vpc.demo_vpc",
            "data.alicloud_zones.zone",
            "random_string.random_name_post"
          ]
        }
      ]
    },
    {
      "module": "module.fw_deployment",
      "mode": "managed",
      "type": "null_resource",
      "name": "dependency_setter",
      "provider": "provider.null",
      "instances": [
        {
          "schema_version": 0,
          "attributes": {
            "id": "9196264146830665806",
            "triggers": null
          },
          "depends_on": [
            "alicloud_eip_association.Mgmt-EIP-Association",
            "alicloud_eip_association.Mgmt-EIP-Association-2",
            "alicloud_instance.ngfw",
            "alicloud_instance.ngfw-2",
            "alicloud_network_interface.trust-interface",
            "alicloud_network_interface.trust-interface-2",
            "alicloud_network_interface.untrust-interface",
            "alicloud_network_interface.untrust-interface-2",
            "alicloud_network_interface_attachment.attach-trust",
            "alicloud_network_interface_attachment.attach-trust-2",
            "alicloud_network_interface_attachment.attach-untrust",
            "alicloud_network_interface_attachment.attach-untrust-2"
          ]
        }
      ]
    },
    {
      "mode": "managed",
      "type": "random_string",
      "name": "random_name_post",
      "provider": "provider.random",
      "instances": [
        {
          "schema_version": 1,
          "attributes": {
            "id": "ftk",
            "keepers": null,
            "length": 3,
            "lower": true,
            "min_lower": 3,
            "min_numeric": 0,
            "min_special": 0,
            "min_upper": 0,
            "number": true,
            "override_special": "",
            "result": "ftk",
            "special": true,
            "upper": true
          },
          "private": "eyJzY2hlbWFfdmVyc2lvbiI6IjEifQ=="
        }
      ]
    }
  ]
}
